{
  "name": "claire_callagy_2",
  "lockfileVersion": 3,
  "requires": true,
  "packages": {
    "": {
      "dependencies": {
        "linearicons": "^1.0.1"
      }
    },
    "node_modules/linearicons": {
      "version": "1.0.1",
      "resolved": "https://registry.npmjs.org/linearicons/-/linearicons-1.0.1.tgz",
      "integrity": "sha512-8bDW6buQCeC3I7H8lQeQ6LOIE63GSnwHMrjxl3+hJQ4mxWGB6HgqKveBfc+4+rxwmqDlVWGUgKHx0XLdLraC6Q==",
      "license": "CC BY-SA 4.0",
      "engines": {
        "node": ">=6.0.0"
      }
    }
  }
}
